
Microsoft Visual Studio Solution File, Format Version 12.00
# Visual Studio Version 16
VisualStudioVersion = 16.0.31515.178
MinimumVisualStudioVersion = 10.0.40219.1
Project("{FAE04EC0-301F-11D3-BF4B-00C04F79EFBC}") = "Calculate", "Calculate.csproj", "{CF2C73EC-EC21-4263-8C20-DBABEB633453}"
EndProject
Global
	GlobalSection(SolutionConfigurationPlatforms) = preSolution
		Debug|Any CPU = Debug|Any CPU
		Release|Any CPU = Release|Any CPU
	EndGlobalSection
	GlobalSection(ProjectConfigurationPlatforms) = postSolution
		{CF2C73EC-EC21-4263-8C20-DBABEB633453}.Debug|Any CPU.ActiveCfg = Debug|Any CPU
		{CF2C73EC-EC21-4263-8C20-DBABEB633453}.Debug|Any CPU.Build.0 = Debug|Any CPU
		{CF2C73EC-EC21-4263-8C20-DBABEB633453}.Release|Any CPU.ActiveCfg = Release|Any CPU
		{CF2C73EC-EC21-4263-8C20-DBABEB633453}.Release|Any CPU.Build.0 = Release|Any CPU
	EndGlobalSection
	GlobalSection(SolutionProperties) = preSolution
		HideSolutionNode = FALSE
	EndGlobalSection
	GlobalSection(ExtensibilityGlobals) = postSolution
		SolutionGuid = {0C4D68FA-F4A2-44C5-959D-B6F4F11ABDC4}
	EndGlobalSection
EndGlobal
